
Microsoft Visual Studio Solution File, Format Version 12.00
# Visual Studio Version 17
VisualStudioVersion = 17.4.33213.308
MinimumVisualStudioVersion = 10.0.40219.1
Project("{FAE04EC0-301F-11D3-BF4B-00C04F79EFBC}") = "UserRgstr-UC7", "UserRgstr-UC7\UserRgstr-UC7.csproj", "{6EF51D10-AD78-46B8-9E07-E685F10EC689}"
EndProject
Global
	GlobalSection(SolutionConfigurationPlatforms) = preSolution
		Debug|Any CPU = Debug|Any CPU
		Release|Any CPU = Release|Any CPU
	EndGlobalSection
	GlobalSection(ProjectConfigurationPlatforms) = postSolution
		{6EF51D10-AD78-46B8-9E07-E685F10EC689}.Debug|Any CPU.ActiveCfg = Debug|Any CPU
		{6EF51D10-AD78-46B8-9E07-E685F10EC689}.Debug|Any CPU.Build.0 = Debug|Any CPU
		{6EF51D10-AD78-46B8-9E07-E685F10EC689}.Release|Any CPU.ActiveCfg = Release|Any CPU
		{6EF51D10-AD78-46B8-9E07-E685F10EC689}.Release|Any CPU.Build.0 = Release|Any CPU
	EndGlobalSection
	GlobalSection(SolutionProperties) = preSolution
		HideSolutionNode = FALSE
	EndGlobalSection
	GlobalSection(ExtensibilityGlobals) = postSolution
		SolutionGuid = {333F4E4F-5868-46F2-B33D-9EF0E058E671}
	EndGlobalSection
EndGlobal
