
Microsoft Visual Studio Solution File, Format Version 12.00
# Visual Studio Version 17
VisualStudioVersion = 17.4.33213.308
MinimumVisualStudioVersion = 10.0.40219.1
Project("{FAE04EC0-301F-11D3-BF4B-00C04F79EFBC}") = "UserRgstr-UC2", "UserRgstr-UC2\UserRgstr-UC2.csproj", "{8F0911B4-E0BF-4456-B72A-2E8DCAF6A020}"
EndProject
Global
	GlobalSection(SolutionConfigurationPlatforms) = preSolution
		Debug|Any CPU = Debug|Any CPU
		Release|Any CPU = Release|Any CPU
	EndGlobalSection
	GlobalSection(ProjectConfigurationPlatforms) = postSolution
		{8F0911B4-E0BF-4456-B72A-2E8DCAF6A020}.Debug|Any CPU.ActiveCfg = Debug|Any CPU
		{8F0911B4-E0BF-4456-B72A-2E8DCAF6A020}.Debug|Any CPU.Build.0 = Debug|Any CPU
		{8F0911B4-E0BF-4456-B72A-2E8DCAF6A020}.Release|Any CPU.ActiveCfg = Release|Any CPU
		{8F0911B4-E0BF-4456-B72A-2E8DCAF6A020}.Release|Any CPU.Build.0 = Release|Any CPU
	EndGlobalSection
	GlobalSection(SolutionProperties) = preSolution
		HideSolutionNode = FALSE
	EndGlobalSection
	GlobalSection(ExtensibilityGlobals) = postSolution
		SolutionGuid = {4EF34B3A-CB5C-40EE-A60C-F232B86D9BF4}
	EndGlobalSection
EndGlobal
